
Microsoft Visual Studio Solution File, Format Version 12.00
# Visual Studio Version 16
VisualStudioVersion = 16.0.810.11
MinimumVisualStudioVersion = 10.0.40219.1
Project("{FAE04EC0-301F-11D3-BF4B-00C04F79EFBC}") = "asd_lab4", "asd_lab4.csproj", "{9A791AFA-9EEE-4E93-8A93-49A9F1E6D02B}"
EndProject
Global
	GlobalSection(SolutionConfigurationPlatforms) = preSolution
		Debug|Any CPU = Debug|Any CPU
		Release|Any CPU = Release|Any CPU
	EndGlobalSection
	GlobalSection(ProjectConfigurationPlatforms) = postSolution
		{9A791AFA-9EEE-4E93-8A93-49A9F1E6D02B}.Debug|Any CPU.ActiveCfg = Debug|Any CPU
		{9A791AFA-9EEE-4E93-8A93-49A9F1E6D02B}.Debug|Any CPU.Build.0 = Debug|Any CPU
		{9A791AFA-9EEE-4E93-8A93-49A9F1E6D02B}.Release|Any CPU.ActiveCfg = Release|Any CPU
		{9A791AFA-9EEE-4E93-8A93-49A9F1E6D02B}.Release|Any CPU.Build.0 = Release|Any CPU
	EndGlobalSection
	GlobalSection(SolutionProperties) = preSolution
		HideSolutionNode = FALSE
	EndGlobalSection
	GlobalSection(ExtensibilityGlobals) = postSolution
		SolutionGuid = {B4B4C540-B2EE-41C4-8C20-6A684F0EEB3F}
	EndGlobalSection
EndGlobal
